// !$*UTF8*$!
{
	archiveVersion = 1;
	classes = {
	};
	objectVersion = 50;
	objects = {

/* Begin PBXBuildFile section */
		9006061B24F3EC4100C00420 /* AppDelegate.swift in Sources */ = {isa = PBXBuildFile; fileRef = 9006061A24F3EC4100C00420 /* AppDelegate.swift */; };
		9006061D24F3EC4100C00420 /* SceneDelegate.swift in Sources */ = {isa = PBXBuildFile; fileRef = 9006061C24F3EC4100C00420 /* SceneDelegate.swift */; };
		9006061F24F3EC4100C00420 /* ViewController.swift in Sources */ = {isa = PBXBuildFile; fileRef = 9006061E24F3EC4100C00420 /* ViewController.swift */; };
		9006062224F3EC4100C00420 /* Main.storyboard in Resources */ = {isa = PBXBuildFile; fileRef = 9006062024F3EC4100C00420 /* Main.storyboard */; };
		9006062424F3EC4300C00420 /* Assets.xcassets in Resources */ = {isa = PBXBuildFile; fileRef = 9006062324F3EC4300C00420 /* Assets.xcassets */; };
		9006062724F3EC4300C00420 /* LaunchScreen.storyboard in Resources */ = {isa = PBXBuildFile; fileRef = 9006062524F3EC4300C00420 /* LaunchScreen.storyboard */; };
		9006063224F3EC4300C00420 /* MyTestApp001Tests.swift in Sources */ = {isa = PBXBuildFile; fileRef = 9006063124F3EC4300C00420 /* MyTestApp001Tests.swift */; };
		9006063D24F3EC4300C00420 /* MyTestApp001UITests.swift in Sources */ = {isa = PBXBuildFile; fileRef = 9006063C24F3EC4300C00420 /* MyTestApp001UITests.swift */; };
/* End PBXBuildFile section */

/* Begin PBXContainerItemProxy section */
		9006062E24F3EC4300C00420 /* PBXContainerItemProxy */ = {
			isa = PBXContainerItemProxy;
			containerPortal = 9006060F24F3EC4100C00420 /* Project object */;
			proxyType = 1;
			remoteGlobalIDString = 9006061624F3EC4100C00420;
			remoteInfo = MyTestApp001;
		};
		9006063924F3EC4300C00420 /* PBXContainerItemProxy */ = {
			isa = PBXContainerItemProxy;
			containerPortal = 9006060F24F3EC4100C00420 /* Project object */;
			proxyType = 1;
			remoteGlobalIDString = 9006061624F3EC4100C00420;
			remoteInfo = MyTestApp001;
		};
/* End PBXContainerItemProxy section */

/* Begin PBXFileReference section */
		9006061724F3EC4100C00420 /* MyTestApp001.app */ = {isa = PBXFileReference; explicitFileType = wrapper.application; includeInIndex = 0; path = MyTestApp001.app; sourceTree = BUILT_PRODUCTS_DIR; };
		9006061A24F3EC4100C00420 /* AppDelegate.swift */ = {isa = PBXFileReference; lastKnownFileType = sourcecode.swift; path = AppDelegate.swift; sourceTree = "<group>"; };
		9006061C24F3EC4100C00420 /* SceneDelegate.swift */ = {isa = PBXFileReference; lastKnownFileType = sourcecode.swift; path = SceneDelegate.swift; sourceTree = "<group>"; };
		9006061E24F3EC4100C00420 /* ViewController.swift */ = {isa = PBXFileReference; lastKnownFileType = sourcecode.swift; path = ViewController.swift; sourceTree = "<group>"; };
		9006062124F3EC4100C00420 /* Base */ = {isa = PBXFileReference; lastKnownFileType = file.storyboard; name = Base; path = Base.lproj/Main.storyboard; sourceTree = "<group>"; };
		9006062324F3EC4300C00420 /* Assets.xcassets */ = {isa = PBXFileReference; lastKnownFileType = folder.assetcatalog; path = Assets.xcassets; sourceTree = "<group>"; };
		9006062624F3EC4300C00420 /* Base */ = {isa = PBXFileReference; lastKnownFileType = file.storyboard; name = Base; path = Base.lproj/LaunchScreen.storyboard; sourceTree = "<group>"; };
		9006062824F3EC4300C00420 /* Info.plist */ = {isa = PBXFileReference; lastKnownFileType = text.plist.xml; path = Info.plist; sourceTree = "<group>"; };
		9006062D24F3EC4300C00420 /* MyTestApp001Tests.xctest */ = {isa = PBXFileReference; explicitFileType = wrapper.cfbundle; includeInIndex = 0; path = MyTestApp001Tests.xctest; sourceTree = BUILT_PRODUCTS_DIR; };
		9006063124F3EC4300C00420 /* MyTestApp001Tests.swift */ = {isa = PBXFileReference; lastKnownFileType = sourcecode.swift; path = MyTestApp001Tests.swift; sourceTree = "<group>"; };
		9006063324F3EC4300C00420 /* Info.plist */ = {isa = PBXFileReference; lastKnownFileType = text.plist.xml; path = Info.plist; sourceTree = "<group>"; };
		9006063824F3EC4300C00420 /* MyTestApp001UITests.xctest */ = {isa = PBXFileReference; explicitFileType = wrapper.cfbundle; includeInIndex = 0; path = MyTestApp001UITests.xctest; sourceTree = BUILT_PRODUCTS_DIR; };
		9006063C24F3EC4300C00420 /* MyTestApp001UITests.swift */ = {isa = PBXFileReference; lastKnownFileType = sourcecode.swift; path = MyTestApp001UITests.swift; sourceTree = "<group>"; };
		9006063E24F3EC4300C00420 /* Info.plist */ = {isa = PBXFileReference; lastKnownFileType = text.plist.xml; path = Info.plist; sourceTree = "<group>"; };
/* End PBXFileReference section */

/* Begin PBXFrameworksBuildPhase section */
		9006061424F3EC4100C00420 /* Frameworks */ = {
			isa = PBXFrameworksBuildPhase;
			buildActionMask = 2147483647;
			files = (
			);
			runOnlyForDeploymentPostprocessing = 0;
		};
		9006062A24F3EC4300C00420 /* Frameworks */ = {
			isa = PBXFrameworksBuildPhase;
			buildActionMask = 2147483647;
			files = (
			);
			runOnlyForDeploymentPostprocessing = 0;
		};
		9006063524F3EC4300C00420 /* Frameworks */ = {
			isa = PBXFrameworksBuildPhase;
			buildActionMask = 2147483647;
			files = (
			);
			runOnlyForDeploymentPostprocessing = 0;
		};
/* End PBXFrameworksBuildPhase section */

/* Begin PBXGroup section */
		9006060E24F3EC4000C00420 = {
			isa = PBXGroup;
			children = (
				9006061924F3EC4100C00420 /* MyTestApp001 */,
				9006063024F3EC4300C00420 /* MyTestApp001Tests */,
				9006063B24F3EC4300C00420 /* MyTestApp001UITests */,
				9006061824F3EC4100C00420 /* Products */,
			);
			sourceTree = "<group>";
		};
		9006061824F3EC4100C00420 /* Products */ = {
			isa = PBXGroup;
			children = (
				9006061724F3EC4100C00420 /* MyTestApp001.app */,
				9006062D24F3EC4300C00420 /* MyTestApp001Tests.xctest */,
				9006063824F3EC4300C00420 /* MyTestApp001UITests.xctest */,
			);
			name = Products;
			sourceTree = "<group>";
		};
		9006061924F3EC4100C00420 /* MyTestApp001 */ = {
			isa = PBXGroup;
			children = (
				9006061A24F3EC4100C00420 /* AppDelegate.swift */,
				9006061C24F3EC4100C00420 /* SceneDelegate.swift */,
				9006061E24F3EC4100C00420 /* ViewController.swift */,
				9006062024F3EC4100C00420 /* Main.storyboard */,
				9006062324F3EC4300C00420 /* Assets.xcassets */,
				9006062524F3EC4300C00420 /* LaunchScreen.storyboard */,
				9006062824F3EC4300C00420 /* Info.plist */,
			);
			path = MyTestApp001;
			sourceTree = "<group>";
		};
		9006063024F3EC4300C00420 /* MyTestApp001Tests */ = {
			isa = PBXGroup;
			children = (
				9006063124F3EC4300C00420 /* MyTestApp001Tests.swift */,
				9006063324F3EC4300C00420 /* Info.plist */,
			);
			path = MyTestApp001Tests;
			sourceTree = "<group>";
		};
		9006063B24F3EC4300C00420 /* MyTestApp001UITests */ = {
			isa = PBXGroup;
			children = (
				9006063C24F3EC4300C00420 /* MyTestApp001UITests.swift */,
				9006063E24F3EC4300C00420 /* Info.plist */,
			);
			path = MyTestApp001UITests;
			sourceTree = "<group>";
		};
/* End PBXGroup section */

/* Begin PBXNativeTarget section */
		9006061624F3EC4100C00420 /* MyTestApp001 */ = {
			isa = PBXNativeTarget;
			buildConfigurationList = 9006064124F3EC4300C00420 /* Build configuration list for PBXNativeTarget "MyTestApp001" */;
			buildPhases = (
				9006061324F3EC4100C00420 /* Sources */,
				9006061424F3EC4100C00420 /* Frameworks */,
				9006061524F3EC4100C00420 /* Resources */,
			);
			buildRules = (
			);
			dependencies = (
			);
			name = MyTestApp001;
			productName = MyTestApp001;
			productReference = 9006061724F3EC4100C00420 /* MyTestApp001.app */;
			productType = "com.apple.product-type.application";
		};
		9006062C24F3EC4300C00420 /* MyTestApp001Tests */ = {
			isa = PBXNativeTarget;
			buildConfigurationList = 9006064424F3EC4300C00420 /* Build configuration list for PBXNativeTarget "MyTestApp001Tests" */;
			buildPhases = (
				9006062924F3EC4300C00420 /* Sources */,
				9006062A24F3EC4300C00420 /* Frameworks */,
				9006062B24F3EC4300C00420 /* Resources */,
			);
			buildRules = (
			);
			dependencies = (
				9006062F24F3EC4300C00420 /* PBXTargetDependency */,
			);
			name = MyTestApp001Tests;
			productName = MyTestApp001Tests;
			productReference = 9006062D24F3EC4300C00420 /* MyTestApp001Tests.xctest */;
			productType = "com.apple.product-type.bundle.unit-test";
		};
		9006063724F3EC4300C00420 /* MyTestApp001UITests */ = {
			isa = PBXNativeTarget;
			buildConfigurationList = 9006064724F3EC4300C00420 /* Build configuration list for PBXNativeTarget "MyTestApp001UITests" */;
			buildPhases = (
				9006063424F3EC4300C00420 /* Sources */,
				9006063524F3EC4300C00420 /* Frameworks */,
				9006063624F3EC4300C00420 /* Resources */,
			);
			buildRules = (
			);
			dependencies = (
				9006063A24F3EC4300C00420 /* PBXTargetDependency */,
			);
			name = MyTestApp001UITests;
			productName = MyTestApp001UITests;
			productReference = 9006063824F3EC4300C00420 /* MyTestApp001UITests.xctest */;
			productType = "com.apple.product-type.bundle.ui-testing";
		};
/* End PBXNativeTarget section */

/* Begin PBXProject section */
		9006060F24F3EC4100C00420 /* Project object */ = {
			isa = PBXProject;
			attributes = {
				LastSwiftUpdateCheck = 1160;
				LastUpgradeCheck = 1200;
				ORGANIZATIONNAME = smatsuo;
				TargetAttributes = {
					9006061624F3EC4100C00420 = {
						CreatedOnToolsVersion = 11.6;
					};
					9006062C24F3EC4300C00420 = {
						CreatedOnToolsVersion = 11.6;
						TestTargetID = 9006061624F3EC4100C00420;
					};
					9006063724F3EC4300C00420 = {
						CreatedOnToolsVersion = 11.6;
						TestTargetID = 9006061624F3EC4100C00420;
					};
				};
			};
			buildConfigurationList = 9006061224F3EC4100C00420 /* Build configuration list for PBXProject "MyTestApp001" */;
			compatibilityVersion = "Xcode 9.3";
			developmentRegion = en;
			hasScannedForEncodings = 0;
			knownRegions = (
				en,
				Base,
			);
			mainGroup = 9006060E24F3EC4000C00420;
			productRefGroup = 9006061824F3EC4100C00420 /* Products */;
			projectDirPath = "";
			projectRoot = "";
			targets = (
				9006061624F3EC4100C00420 /* MyTestApp001 */,
				9006062C24F3EC4300C00420 /* MyTestApp001Tests */,
				9006063724F3EC4300C00420 /* MyTestApp001UITests */,
			);
		};
/* End PBXProject section */

/* Begin PBXResourcesBuildPhase section */
		9006061524F3EC4100C00420 /* Resources */ = {
			isa = PBXResourcesBuildPhase;
			buildActionMask = 2147483647;
			files = (
				9006062724F3EC4300C00420 /* LaunchScreen.storyboard in Resources */,
				9006062424F3EC4300C00420 /* Assets.xcassets in Resources */,
				9006062224F3EC4100C00420 /* Main.storyboard in Resources */,
			);
			runOnlyForDeploymentPostprocessing = 0;
		};
		9006062B24F3EC4300C00420 /* Resources */ = {
			isa = PBXResourcesBuildPhase;
			buildActionMask = 2147483647;
			files = (
			);
			runOnlyForDeploymentPostprocessing = 0;
		};
		9006063624F3EC4300C00420 /* Resources */ = {
			isa = PBXResourcesBuildPhase;
			buildActionMask = 2147483647;
			files = (
			);
			runOnlyForDeploymentPostprocessing = 0;
		};
/* End PBXResourcesBuildPhase section */

/* Begin PBXSourcesBuildPhase section */
		9006061324F3EC4100C00420 /* Sources */ = {
			isa = PBXSourcesBuildPhase;
			buildActionMask = 2147483647;
			files = (
				9006061F24F3EC4100C00420 /* ViewController.swift in Sources */,
				9006061B24F3EC4100C00420 /* AppDelegate.swift in Sources */,
				9006061D24F3EC4100C00420 /* SceneDelegate.swift in Sources */,
			);
			runOnlyForDeploymentPostprocessing = 0;
		};
		9006062924F3EC4300C00420 /* Sources */ = {
			isa = PBXSourcesBuildPhase;
			buildActionMask = 2147483647;
			files = (
				9006063224F3EC4300C00420 /* MyTestApp001Tests.swift in Sources */,
			);
			runOnlyForDeploymentPostprocessing = 0;
		};
		9006063424F3EC4300C00420 /* Sources */ = {
			isa = PBXSourcesBuildPhase;
			buildActionMask = 2147483647;
			files = (
				9006063D24F3EC4300C00420 /* MyTestApp001UITests.swift in Sources */,
			);
			runOnlyForDeploymentPostprocessing = 0;
		};
/* End PBXSourcesBuildPhase section */

/* Begin PBXTargetDependency section */
		9006062F24F3EC4300C00420 /* PBXTargetDependency */ = {
			isa = PBXTargetDependency;
			target = 9006061624F3EC4100C00420 /* MyTestApp001 */;
			targetProxy = 9006062E24F3EC4300C00420 /* PBXContainerItemProxy */;
		};
		9006063A24F3EC4300C00420 /* PBXTargetDependency */ = {
			isa = PBXTargetDependency;
			target = 9006061624F3EC4100C00420 /* MyTestApp001 */;
			targetProxy = 9006063924F3EC4300C00420 /* PBXContainerItemProxy */;
		};
/* End PBXTargetDependency section */

/* Begin PBXVariantGroup section */
		9006062024F3EC4100C00420 /* Main.storyboard */ = {
			isa = PBXVariantGroup;
			children = (
				9006062124F3EC4100C00420 /* Base */,
			);
			name = Main.storyboard;
			sourceTree = "<group>";
		};
		9006062524F3EC4300C00420 /* LaunchScreen.storyboard */ = {
			isa = PBXVariantGroup;
			children = (
				9006062624F3EC4300C00420 /* Base */,
			);
			name = LaunchScreen.storyboard;
			sourceTree = "<group>";
		};
/* End PBXVariantGroup section */

/* Begin XCBuildConfiguration section */
		9006063F24F3EC4300C00420 /* Debug */ = {
			isa = XCBuildConfiguration;
			buildSettings = {
				ALWAYS_SEARCH_USER_PATHS = NO;
				CLANG_ANALYZER_NONNULL = YES;
				CLANG_ANALYZER_NUMBER_OBJECT_CONVERSION = YES_AGGRESSIVE;
				CLANG_CXX_LANGUAGE_STANDARD = "gnu++14";
				CLANG_CXX_LIBRARY = "libc++";
				CLANG_ENABLE_MODULES = YES;
				CLANG_ENABLE_OBJC_ARC = YES;
				CLANG_ENABLE_OBJC_WEAK = YES;
				CLANG_WARN_BLOCK_CAPTURE_AUTORELEASING = YES;
				CLANG_WARN_BOOL_CONVERSION = YES;
				CLANG_WARN_COMMA = YES;
				CLANG_WARN_CONSTANT_CONVERSION = YES;
				CLANG_WARN_DEPRECATED_OBJC_IMPLEMENTATIONS = YES;
				CLANG_WARN_DIRECT_OBJC_ISA_USAGE = YES_ERROR;
				CLANG_WARN_DOCUMENTATION_COMMENTS = YES;
				CLANG_WARN_EMPTY_BODY = YES;
				CLANG_WARN_ENUM_CONVERSION = YES;
				CLANG_WARN_INFINITE_RECURSION = YES;
				CLANG_WARN_INT_CONVERSION = YES;
				CLANG_WARN_NON_LITERAL_NULL_CONVERSION = YES;
				CLANG_WARN_OBJC_IMPLICIT_RETAIN_SELF = YES;
				CLANG_WARN_OBJC_LITERAL_CONVERSION = YES;
				CLANG_WARN_OBJC_ROOT_CLASS = YES_ERROR;
				CLANG_WARN_QUOTED_INCLUDE_IN_FRAMEWORK_HEADER = YES;
				CLANG_WARN_RANGE_LOOP_ANALYSIS = YES;
				CLANG_WARN_STRICT_PROTOTYPES = YES;
				CLANG_WARN_SUSPICIOUS_MOVE = YES;
				CLANG_WARN_UNGUARDED_AVAILABILITY = YES_AGGRESSIVE;
				CLANG_WARN_UNREACHABLE_CODE = YES;
				CLANG_WARN__DUPLICATE_METHOD_MATCH = YES;
				COPY_PHASE_STRIP = NO;
				DEBUG_INFORMATION_FORMAT = dwarf;
				ENABLE_STRICT_OBJC_MSGSEND = YES;
				ENABLE_TESTABILITY = YES;
				GCC_C_LANGUAGE_STANDARD = gnu11;
				GCC_DYNAMIC_NO_PIC = NO;
				GCC_NO_COMMON_BLOCKS = YES;
				GCC_OPTIMIZATION_LEVEL = 0;
				GCC_PREPROCESSOR_DEFINITIONS = (
					"DEBUG=1",
					"$(inherited)",
				);
				GCC_WARN_64_TO_32_BIT_CONVERSION = YES;
				GCC_WARN_ABOUT_RETURN_TYPE = YES_ERROR;
				GCC_WARN_UNDECLARED_SELECTOR = YES;
				GCC_WARN_UNINITIALIZED_AUTOS = YES_AGGRESSIVE;
				GCC_WARN_UNUSED_FUNCTION = YES;
				GCC_WARN_UNUSED_VARIABLE = YES;
				IPHONEOS_DEPLOYMENT_TARGET = 14.0;
				MTL_ENABLE_DEBUG_INFO = INCLUDE_SOURCE;
				MTL_FAST_MATH = YES;
				ONLY_ACTIVE_ARCH = YES;
				SDKROOT = iphoneos;
				SWIFT_ACTIVE_COMPILATION_CONDITIONS = DEBUG;
				SWIFT_OPTIMIZATION_LEVEL = "-Onone";
			};
			name = Debug;
		};
		9006064024F3EC4300C00420 /* Release */ = {
			isa = XCBuildConfiguration;
			buildSettings = {
				ALWAYS_SEARCH_USER_PATHS = NO;
				CLANG_ANALYZER_NONNULL = YES;
				CLANG_ANALYZER_NUMBER_OBJECT_CONVERSION = YES_AGGRESSIVE;
				CLANG_CXX_LANGUAGE_STANDARD = "gnu++14";
				CLANG_CXX_LIBRARY = "libc++";
				CLANG_ENABLE_MODULES = YES;
				CLANG_ENABLE_OBJC_ARC = YES;
				CLANG_ENABLE_OBJC_WEAK = YES;
				CLANG_WARN_BLOCK_CAPTURE_AUTORELEASING = YES;
				CLANG_WARN_BOOL_CONVERSION = YES;
				CLANG_WARN_COMMA = YES;
				CLANG_WARN_CONSTANT_CONVERSION = YES;
				CLANG_WARN_DEPRECATED_OBJC_IMPLEMENTATIONS = YES;
				CLANG_WARN_DIRECT_OBJC_ISA_USAGE = YES_ERROR;
				CLANG_WARN_DOCUMENTATION_COMMENTS = YES;
				CLANG_WARN_EMPTY_BODY = YES;
				CLANG_WARN_ENUM_CONVERSION = YES;
				CLANG_WARN_INFINITE_RECURSION = YES;
				CLANG_WARN_INT_CONVERSION = YES;
				CLANG_WARN_NON_LITERAL_NULL_CONVERSION = YES;
				CLANG_WARN_OBJC_IMPLICIT_RETAIN_SELF = YES;
				CLANG_WARN_OBJC_LITERAL_CONVERSION = YES;
				CLANG_WARN_OBJC_ROOT_CLASS = YES_ERROR;
				CLANG_WARN_QUOTED_INCLUDE_IN_FRAMEWORK_HEADER = YES;
				CLANG_WARN_RANGE_LOOP_ANALYSIS = YES;
				CLANG_WARN_STRICT_PROTOTYPES = YES;
				CLANG_WARN_SUSPICIOUS_MOVE = YES;
				CLANG_WARN_UNGUARDED_AVAILABILITY = YES_AGGRESSIVE;
				CLANG_WARN_UNREACHABLE_CODE = YES;
				CLANG_WARN__DUPLICATE_METHOD_MATCH = YES;
				COPY_PHASE_STRIP = NO;
				DEBUG_INFORMATION_FORMAT = "dwarf-with-dsym";
				ENABLE_NS_ASSERTIONS = NO;
				ENABLE_STRICT_OBJC_MSGSEND = YES;
				GCC_C_LANGUAGE_STANDARD = gnu11;
				GCC_NO_COMMON_BLOCKS = YES;
				GCC_WARN_64_TO_32_BIT_CONVERSION = YES;
				GCC_WARN_ABOUT_RETURN_TYPE = YES_ERROR;
				GCC_WARN_UNDECLARED_SELECTOR = YES;
				GCC_WARN_UNINITIALIZED_AUTOS = YES_AGGRESSIVE;
				GCC_WARN_UNUSED_FUNCTION = YES;
				GCC_WARN_UNUSED_VARIABLE = YES;
				IPHONEOS_DEPLOYMENT_TARGET = 14.0;
				MTL_ENABLE_DEBUG_INFO = NO;
				MTL_FAST_MATH = YES;
				SDKROOT = iphoneos;
				SWIFT_COMPILATION_MODE = wholemodule;
				SWIFT_OPTIMIZATION_LEVEL = "-O";
				VALIDATE_PRODUCT = YES;
			};
			name = Release;
		};
		9006064224F3EC4300C00420 /* Debug */ = {
			isa = XCBuildConfiguration;
			buildSettings = {
				ASSETCATALOG_COMPILER_APPICON_NAME = AppIcon;
				CODE_SIGN_STYLE = Automatic;
				DEVELOPMENT_TEAM = K5F47ABUGN;
				INFOPLIST_FILE = MyTestApp001/Info.plist;
				IPHONEOS_DEPLOYMENT_TARGET = 14.0;
				LD_RUNPATH_SEARCH_PATHS = (
					"$(inherited)",
					"@executable_path/Frameworks",
				);
				PRODUCT_BUNDLE_IDENTIFIER = com.example.MyTestApp001;
				PRODUCT_NAME = "$(TARGET_NAME)";
				SWIFT_VERSION = 5.0;
				TARGETED_DEVICE_FAMILY = "1,2";
			};
			name = Debug;
		};
		9006064324F3EC4300C00420 /* Release */ = {
			isa = XCBuildConfiguration;
			buildSettings = {
				ASSETCATALOG_COMPILER_APPICON_NAME = AppIcon;
				CODE_SIGN_STYLE = Automatic;
				DEVELOPMENT_TEAM = K5F47ABUGN;
				INFOPLIST_FILE = MyTestApp001/Info.plist;
				IPHONEOS_DEPLOYMENT_TARGET = 14.0;
				LD_RUNPATH_SEARCH_PATHS = (
					"$(inherited)",
					"@executable_path/Frameworks",
				);
				PRODUCT_BUNDLE_IDENTIFIER = com.example.MyTestApp001;
				PRODUCT_NAME = "$(TARGET_NAME)";
				SWIFT_VERSION = 5.0;
				TARGETED_DEVICE_FAMILY = "1,2";
			};
			name = Release;
		};
		9006064524F3EC4300C00420 /* Debug */ = {
			isa = XCBuildConfiguration;
			buildSettings = {
				ALWAYS_EMBED_SWIFT_STANDARD_LIBRARIES = YES;
				BUNDLE_LOADER = "$(TEST_HOST)";
				CODE_SIGN_STYLE = Automatic;
				INFOPLIST_FILE = MyTestApp001Tests/Info.plist;
				IPHONEOS_DEPLOYMENT_TARGET = 13.6;
				LD_RUNPATH_SEARCH_PATHS = (
					"$(inherited)",
					"@executable_path/Frameworks",
					"@loader_path/Frameworks",
				);
				PRODUCT_BUNDLE_IDENTIFIER = com.example.MyTestApp001Tests;
				PRODUCT_NAME = "$(TARGET_NAME)";
				SWIFT_VERSION = 5.0;
				TARGETED_DEVICE_FAMILY = "1,2";
				TEST_HOST = "$(BUILT_PRODUCTS_DIR)/MyTestApp001.app/MyTestApp001";
			};
			name = Debug;
		};
		9006064624F3EC4300C00420 /* Release */ = {
			isa = XCBuildConfiguration;
			buildSettings = {
				ALWAYS_EMBED_SWIFT_STANDARD_LIBRARIES = YES;
				BUNDLE_LOADER = "$(TEST_HOST)";
				CODE_SIGN_STYLE = Automatic;
				INFOPLIST_FILE = MyTestApp001Tests/Info.plist;
				IPHONEOS_DEPLOYMENT_TARGET = 13.6;
				LD_RUNPATH_SEARCH_PATHS = (
					"$(inherited)",
					"@executable_path/Frameworks",
					"@loader_path/Frameworks",
				);
				PRODUCT_BUNDLE_IDENTIFIER = com.example.MyTestApp001Tests;
				PRODUCT_NAME = "$(TARGET_NAME)";
				SWIFT_VERSION = 5.0;
				TARGETED_DEVICE_FAMILY = "1,2";
				TEST_HOST = "$(BUILT_PRODUCTS_DIR)/MyTestApp001.app/MyTestApp001";
			};
			name = Release;
		};
		9006064824F3EC4300C00420 /* Debug */ = {
			isa = XCBuildConfiguration;
			buildSettings = {
				ALWAYS_EMBED_SWIFT_STANDARD_LIBRARIES = YES;
				CODE_SIGN_STYLE = Automatic;
				INFOPLIST_FILE = MyTestApp001UITests/Info.plist;
				LD_RUNPATH_SEARCH_PATHS = (
					"$(inherited)",
					"@executable_path/Frameworks",
					"@loader_path/Frameworks",
				);
				PRODUCT_BUNDLE_IDENTIFIER = com.example.MyTestApp001UITests;
				PRODUCT_NAME = "$(TARGET_NAME)";
				SWIFT_VERSION = 5.0;
				TARGETED_DEVICE_FAMILY = "1,2";
				TEST_TARGET_NAME = MyTestApp001;
			};
			name = Debug;
		};
		9006064924F3EC4300C00420 /* Release */ = {
			isa = XCBuildConfiguration;
			buildSettings = {
				ALWAYS_EMBED_SWIFT_STANDARD_LIBRARIES = YES;
				CODE_SIGN_STYLE = Automatic;
				INFOPLIST_FILE = MyTestApp001UITests/Info.plist;
				LD_RUNPATH_SEARCH_PATHS = (
					"$(inherited)",
					"@executable_path/Frameworks",
					"@loader_path/Frameworks",
				);
				PRODUCT_BUNDLE_IDENTIFIER = com.example.MyTestApp001UITests;
				PRODUCT_NAME = "$(TARGET_NAME)";
				SWIFT_VERSION = 5.0;
				TARGETED_DEVICE_FAMILY = "1,2";
				TEST_TARGET_NAME = MyTestApp001;
			};
			name = Release;
		};
/* End XCBuildConfiguration section */

/* Begin XCConfigurationList section */
		9006061224F3EC4100C00420 /* Build configuration list for PBXProject "MyTestApp001" */ = {
			isa = XCConfigurationList;
			buildConfigurations = (
				9006063F24F3EC4300C00420 /* Debug */,
				9006064024F3EC4300C00420 /* Release */,
			);
			defaultConfigurationIsVisible = 0;
			defaultConfigurationName = Release;
		};
		9006064124F3EC4300C00420 /* Build configuration list for PBXNativeTarget "MyTestApp001" */ = {
			isa = XCConfigurationList;
			buildConfigurations = (
				9006064224F3EC4300C00420 /* Debug */,
				9006064324F3EC4300C00420 /* Release */,
			);
			defaultConfigurationIsVisible = 0;
			defaultConfigurationName = Release;
		};
		9006064424F3EC4300C00420 /* Build configuration list for PBXNativeTarget "MyTestApp001Tests" */ = {
			isa = XCConfigurationList;
			buildConfigurations = (
				9006064524F3EC4300C00420 /* Debug */,
				9006064624F3EC4300C00420 /* Release */,
			);
			defaultConfigurationIsVisible = 0;
			defaultConfigurationName = Release;
		};
		9006064724F3EC4300C00420 /* Build configuration list for PBXNativeTarget "MyTestApp001UITests" */ = {
			isa = XCConfigurationList;
			buildConfigurations = (
				9006064824F3EC4300C00420 /* Debug */,
				9006064924F3EC4300C00420 /* Release */,
			);
			defaultConfigurationIsVisible = 0;
			defaultConfigurationName = Release;
		};
/* End XCConfigurationList section */
	};
	rootObject = 9006060F24F3EC4100C00420 /* Project object */;
}
